<Solution>
  <Folder Name="/src/">
    <Project Path="src/SerialWorkbench.Domain/SerialWorkbench.Domain.csproj" />
    <Project Path="src/SerialWorkbench.Application/SerialWorkbench.Application.csproj" />
    <Project Path="src/SerialWorkbench.Ipc/SerialWorkbench.Ipc.csproj" />
    <Project Path="src/SerialWorkbench.Serial.Windows/SerialWorkbench.Serial.Windows.csproj" />
    <Project Path="src/SerialWorkbench.Protocols/SerialWorkbench.Protocols.csproj" />
    <Project Path="src/SerialWorkbench.Modbus/SerialWorkbench.Modbus.csproj" />
    <Project Path="src/SerialWorkbench.Sessions/SerialWorkbench.Sessions.csproj" />
    <Project Path="src/SerialWorkbench.Storage/SerialWorkbench.Storage.csproj" />
    <Project Path="src/SerialWorkbench.Extensions.Abstractions/SerialWorkbench.Extensions.Abstractions.csproj" />
    <Project Path="src/SerialWorkbench.Monitoring.Abstractions/SerialWorkbench.Monitoring.Abstractions.csproj" />
    <Project Path="src/SerialWorkbench.Host/SerialWorkbench.Host.csproj" />
    <Project Path="src/SerialWorkbench.ProtocolHost/SerialWorkbench.ProtocolHost.csproj" />
    <Project Path="src/SerialWorkbench.Cli/SerialWorkbench.Cli.csproj" />
    <Project Path="src/SerialWorkbench.WinUI/SerialWorkbench.WinUI.csproj" />
  </Folder>
  <Folder Name="/tests/">
    <Project Path="tests/SerialWorkbench.Tests/SerialWorkbench.Tests.csproj" />
  </Folder>
</Solution>
